// !$*UTF8*$!
{
	archiveVersion = 1;
	classes = {
	};
	objectVersion = 56;
	objects = {

/* Begin PBXBuildFile section */
		EC34CA112BC52FE900C8157C /* QuestionBox.swift in Sources */ = {isa = PBXBuildFile; fileRef = EC34CA102BC52FE900C8157C /* QuestionBox.swift */; };
		ECA767FA2BC46C77003EBBBB /* Question.swift in Sources */ = {isa = PBXBuildFile; fileRef = ECA767F92BC46C77003EBBBB /* Question.swift */; };
		ECF7FBBF2BC2AC2F00088311 /* AppDelegate.swift in Sources */ = {isa = PBXBuildFile; fileRef = ECF7FBBE2BC2AC2F00088311 /* AppDelegate.swift */; };
		ECF7FBC12BC2AC2F00088311 /* SceneDelegate.swift in Sources */ = {isa = PBXBuildFile; fileRef = ECF7FBC02BC2AC2F00088311 /* SceneDelegate.swift */; };
		ECF7FBC32BC2AC2F00088311 /* ViewController.swift in Sources */ = {isa = PBXBuildFile; fileRef = ECF7FBC22BC2AC2F00088311 /* ViewController.swift */; };
		ECF7FBC62BC2AC2F00088311 /* Base in Resources */ = {isa = PBXBuildFile; fileRef = ECF7FBC52BC2AC2F00088311 /* Base */; };
		ECF7FBC82BC2AC3000088311 /* Assets.xcassets in Resources */ = {isa = PBXBuildFile; fileRef = ECF7FBC72BC2AC3000088311 /* Assets.xcassets */; };
		ECF7FBCB2BC2AC3000088311 /* Base in Resources */ = {isa = PBXBuildFile; fileRef = ECF7FBCA2BC2AC3000088311 /* Base */; };
/* End PBXBuildFile section */

/* Begin PBXFileReference section */
		EC34CA102BC52FE900C8157C /* QuestionBox.swift */ = {isa = PBXFileReference; lastKnownFileType = sourcecode.swift; path = QuestionBox.swift; sourceTree = "<group>"; };
		ECA767F92BC46C77003EBBBB /* Question.swift */ = {isa = PBXFileReference; lastKnownFileType = sourcecode.swift; path = Question.swift; sourceTree = "<group>"; };
		ECF7FBBB2BC2AC2E00088311 /* FunFactApp.app */ = {isa = PBXFileReference; explicitFileType = wrapper.application; includeInIndex = 0; path = FunFactApp.app; sourceTree = BUILT_PRODUCTS_DIR; };
		ECF7FBBE2BC2AC2F00088311 /* AppDelegate.swift */ = {isa = PBXFileReference; lastKnownFileType = sourcecode.swift; path = AppDelegate.swift; sourceTree = "<group>"; };
		ECF7FBC02BC2AC2F00088311 /* SceneDelegate.swift */ = {isa = PBXFileReference; lastKnownFileType = sourcecode.swift; path = SceneDelegate.swift; sourceTree = "<group>"; };
		ECF7FBC22BC2AC2F00088311 /* ViewController.swift */ = {isa = PBXFileReference; lastKnownFileType = sourcecode.swift; path = ViewController.swift; sourceTree = "<group>"; };
		ECF7FBC52BC2AC2F00088311 /* Base */ = {isa = PBXFileReference; lastKnownFileType = file.storyboard; name = Base; path = Base.lproj/Main.storyboard; sourceTree = "<group>"; };
		ECF7FBC72BC2AC3000088311 /* Assets.xcassets */ = {isa = PBXFileReference; lastKnownFileType = folder.assetcatalog; path = Assets.xcassets; sourceTree = "<group>"; };
		ECF7FBCA2BC2AC3000088311 /* Base */ = {isa = PBXFileReference; lastKnownFileType = file.storyboard; name = Base; path = Base.lproj/LaunchScreen.storyboard; sourceTree = "<group>"; };
		ECF7FBCC2BC2AC3000088311 /* Info.plist */ = {isa = PBXFileReference; lastKnownFileType = text.plist.xml; path = Info.plist; sourceTree = "<group>"; };
/* End PBXFileReference section */

/* Begin PBXFrameworksBuildPhase section */
		ECF7FBB82BC2AC2E00088311 /* Frameworks */ = {
			isa = PBXFrameworksBuildPhase;
			buildActionMask = 2147483647;
			files = (
			);
			runOnlyForDeploymentPostprocessing = 0;
		};
/* End PBXFrameworksBuildPhase section */

/* Begin PBXGroup section */
		EC34CA0D2BC52F3B00C8157C /* Model */ = {
			isa = PBXGroup;
			children = (
				ECA767F92BC46C77003EBBBB /* Question.swift */,
				EC34CA102BC52FE900C8157C /* QuestionBox.swift */,
			);
			path = Model;
			sourceTree = "<group>";
		};
		EC34CA0E2BC52F7E00C8157C /* View */ = {
			isa = PBXGroup;
			children = (
				ECF7FBC42BC2AC2F00088311 /* Main.storyboard */,
			);
			path = View;
			sourceTree = "<group>";
		};
		EC34CA0F2BC52F9500C8157C /* Controller */ = {
			isa = PBXGroup;
			children = (
				ECF7FBC22BC2AC2F00088311 /* ViewController.swift */,
			);
			path = Controller;
			sourceTree = "<group>";
		};
		ECF7FBB22BC2AC2E00088311 = {
			isa = PBXGroup;
			children = (
				ECF7FBBD2BC2AC2E00088311 /* FunFactApp */,
				ECF7FBBC2BC2AC2E00088311 /* Products */,
			);
			sourceTree = "<group>";
		};
		ECF7FBBC2BC2AC2E00088311 /* Products */ = {
			isa = PBXGroup;
			children = (
				ECF7FBBB2BC2AC2E00088311 /* FunFactApp.app */,
			);
			name = Products;
			sourceTree = "<group>";
		};
		ECF7FBBD2BC2AC2E00088311 /* FunFactApp */ = {
			isa = PBXGroup;
			children = (
				ECF7FBBE2BC2AC2F00088311 /* AppDelegate.swift */,
				ECF7FBC02BC2AC2F00088311 /* SceneDelegate.swift */,
				EC34CA0D2BC52F3B00C8157C /* Model */,
				EC34CA0E2BC52F7E00C8157C /* View */,
				EC34CA0F2BC52F9500C8157C /* Controller */,
				ECF7FBC72BC2AC3000088311 /* Assets.xcassets */,
				ECF7FBC92BC2AC3000088311 /* LaunchScreen.storyboard */,
				ECF7FBCC2BC2AC3000088311 /* Info.plist */,
			);
			path = FunFactApp;
			sourceTree = "<group>";
		};
/* End PBXGroup section */

/* Begin PBXNativeTarget section */
		ECF7FBBA2BC2AC2E00088311 /* FunFactApp */ = {
			isa = PBXNativeTarget;
			buildConfigurationList = ECF7FBCF2BC2AC3000088311 /* Build configuration list for PBXNativeTarget "FunFactApp" */;
			buildPhases = (
				ECF7FBB72BC2AC2E00088311 /* Sources */,
				ECF7FBB82BC2AC2E00088311 /* Frameworks */,
				ECF7FBB92BC2AC2E00088311 /* Resources */,
			);
			buildRules = (
			);
			dependencies = (
			);
			name = FunFactApp;
			productName = FunFactApp;
			productReference = ECF7FBBB2BC2AC2E00088311 /* FunFactApp.app */;
			productType = "com.apple.product-type.application";
		};
/* End PBXNativeTarget section */

/* Begin PBXProject section */
		ECF7FBB32BC2AC2E00088311 /* Project object */ = {
			isa = PBXProject;
			attributes = {
				BuildIndependentTargetsInParallel = 1;
				LastSwiftUpdateCheck = 1530;
				LastUpgradeCheck = 1530;
				TargetAttributes = {
					ECF7FBBA2BC2AC2E00088311 = {
						CreatedOnToolsVersion = 15.3;
					};
				};
			};
			buildConfigurationList = ECF7FBB62BC2AC2E00088311 /* Build configuration list for PBXProject "FunFactApp" */;
			compatibilityVersion = "Xcode 14.0";
			developmentRegion = en;
			hasScannedForEncodings = 0;
			knownRegions = (
				en,
				Base,
			);
			mainGroup = ECF7FBB22BC2AC2E00088311;
			productRefGroup = ECF7FBBC2BC2AC2E00088311 /* Products */;
			projectDirPath = "";
			projectRoot = "";
			targets = (
				ECF7FBBA2BC2AC2E00088311 /* FunFactApp */,
			);
		};
/* End PBXProject section */

/* Begin PBXResourcesBuildPhase section */
		ECF7FBB92BC2AC2E00088311 /* Resources */ = {
			isa = PBXResourcesBuildPhase;
			buildActionMask = 2147483647;
			files = (
				ECF7FBC82BC2AC3000088311 /* Assets.xcassets in Resources */,
				ECF7FBCB2BC2AC3000088311 /* Base in Resources */,
				ECF7FBC62BC2AC2F00088311 /* Base in Resources */,
			);
			runOnlyForDeploymentPostprocessing = 0;
		};
/* End PBXResourcesBuildPhase section */

/* Begin PBXSourcesBuildPhase section */
		ECF7FBB72BC2AC2E00088311 /* Sources */ = {
			isa = PBXSourcesBuildPhase;
			buildActionMask = 2147483647;
			files = (
				EC34CA112BC52FE900C8157C /* QuestionBox.swift in Sources */,
				ECF7FBC32BC2AC2F00088311 /* ViewController.swift in Sources */,
				ECA767FA2BC46C77003EBBBB /* Question.swift in Sources */,
				ECF7FBBF2BC2AC2F00088311 /* AppDelegate.swift in Sources */,
				ECF7FBC12BC2AC2F00088311 /* SceneDelegate.swift in Sources */,
			);
			runOnlyForDeploymentPostprocessing = 0;
		};
/* End PBXSourcesBuildPhase section */

/* Begin PBXVariantGroup section */
		ECF7FBC42BC2AC2F00088311 /* Main.storyboard */ = {
			isa = PBXVariantGroup;
			children = (
				ECF7FBC52BC2AC2F00088311 /* Base */,
			);
			name = Main.storyboard;
			sourceTree = "<group>";
		};
		ECF7FBC92BC2AC3000088311 /* LaunchScreen.storyboard */ = {
			isa = PBXVariantGroup;
			children = (
				ECF7FBCA2BC2AC3000088311 /* Base */,
			);
			name = LaunchScreen.storyboard;
			sourceTree = "<group>";
		};
/* End PBXVariantGroup section */

/* Begin XCBuildConfiguration section */
		ECF7FBCD2BC2AC3000088311 /* Debug */ = {
			isa = XCBuildConfiguration;
			buildSettings = {
				ALWAYS_SEARCH_USER_PATHS = NO;
				ASSETCATALOG_COMPILER_GENERATE_SWIFT_ASSET_SYMBOL_EXTENSIONS = YES;
				CLANG_ANALYZER_NONNULL = YES;
				CLANG_ANALYZER_NUMBER_OBJECT_CONVERSION = YES_AGGRESSIVE;
				CLANG_CXX_LANGUAGE_STANDARD = "gnu++20";
				CLANG_ENABLE_MODULES = YES;
				CLANG_ENABLE_OBJC_ARC = YES;
				CLANG_ENABLE_OBJC_WEAK = YES;
				CLANG_WARN_BLOCK_CAPTURE_AUTORELEASING = YES;
				CLANG_WARN_BOOL_CONVERSION = YES;
				CLANG_WARN_COMMA = YES;
				CLANG_WARN_CONSTANT_CONVERSION = YES;
				CLANG_WARN_DEPRECATED_OBJC_IMPLEMENTATIONS = YES;
				CLANG_WARN_DIRECT_OBJC_ISA_USAGE = YES_ERROR;
				CLANG_WARN_DOCUMENTATION_COMMENTS = YES;
				CLANG_WARN_EMPTY_BODY = YES;
				CLANG_WARN_ENUM_CONVERSION = YES;
				CLANG_WARN_INFINITE_RECURSION = YES;
				CLANG_WARN_INT_CONVERSION = YES;
				CLANG_WARN_NON_LITERAL_NULL_CONVERSION = YES;
				CLANG_WARN_OBJC_IMPLICIT_RETAIN_SELF = YES;
				CLANG_WARN_OBJC_LITERAL_CONVERSION = YES;
				CLANG_WARN_OBJC_ROOT_CLASS = YES_ERROR;
				CLANG_WARN_QUOTED_INCLUDE_IN_FRAMEWORK_HEADER = YES;
				CLANG_WARN_RANGE_LOOP_ANALYSIS = YES;
				CLANG_WARN_STRICT_PROTOTYPES = YES;
				CLANG_WARN_SUSPICIOUS_MOVE = YES;
				CLANG_WARN_UNGUARDED_AVAILABILITY = YES_AGGRESSIVE;
				CLANG_WARN_UNREACHABLE_CODE = YES;
				CLANG_WARN__DUPLICATE_METHOD_MATCH = YES;
				COPY_PHASE_STRIP = NO;
				DEBUG_INFORMATION_FORMAT = dwarf;
				ENABLE_STRICT_OBJC_MSGSEND = YES;
				ENABLE_TESTABILITY = YES;
				ENABLE_USER_SCRIPT_SANDBOXING = YES;
				GCC_C_LANGUAGE_STANDARD = gnu17;
				GCC_DYNAMIC_NO_PIC = NO;
				GCC_NO_COMMON_BLOCKS = YES;
				GCC_OPTIMIZATION_LEVEL = 0;
				GCC_PREPROCESSOR_DEFINITIONS = (
					"DEBUG=1",
					"$(inherited)",
				);
				GCC_WARN_64_TO_32_BIT_CONVERSION = YES;
				GCC_WARN_ABOUT_RETURN_TYPE = YES_ERROR;
				GCC_WARN_UNDECLARED_SELECTOR = YES;
				GCC_WARN_UNINITIALIZED_AUTOS = YES_AGGRESSIVE;
				GCC_WARN_UNUSED_FUNCTION = YES;
				GCC_WARN_UNUSED_VARIABLE = YES;
				IPHONEOS_DEPLOYMENT_TARGET = 17.4;
				LOCALIZATION_PREFERS_STRING_CATALOGS = YES;
				MTL_ENABLE_DEBUG_INFO = INCLUDE_SOURCE;
				MTL_FAST_MATH = YES;
				ONLY_ACTIVE_ARCH = YES;
				SDKROOT = iphoneos;
				SWIFT_ACTIVE_COMPILATION_CONDITIONS = "DEBUG $(inherited)";
				SWIFT_OPTIMIZATION_LEVEL = "-Onone";
			};
			name = Debug;
		};
		ECF7FBCE2BC2AC3000088311 /* Release */ = {
			isa = XCBuildConfiguration;
			buildSettings = {
				ALWAYS_SEARCH_USER_PATHS = NO;
				ASSETCATALOG_COMPILER_GENERATE_SWIFT_ASSET_SYMBOL_EXTENSIONS = YES;
				CLANG_ANALYZER_NONNULL = YES;
				CLANG_ANALYZER_NUMBER_OBJECT_CONVERSION = YES_AGGRESSIVE;
				CLANG_CXX_LANGUAGE_STANDARD = "gnu++20";
				CLANG_ENABLE_MODULES = YES;
				CLANG_ENABLE_OBJC_ARC = YES;
				CLANG_ENABLE_OBJC_WEAK = YES;
				CLANG_WARN_BLOCK_CAPTURE_AUTORELEASING = YES;
				CLANG_WARN_BOOL_CONVERSION = YES;
				CLANG_WARN_COMMA = YES;
				CLANG_WARN_CONSTANT_CONVERSION = YES;
				CLANG_WARN_DEPRECATED_OBJC_IMPLEMENTATIONS = YES;
				CLANG_WARN_DIRECT_OBJC_ISA_USAGE = YES_ERROR;
				CLANG_WARN_DOCUMENTATION_COMMENTS = YES;
				CLANG_WARN_EMPTY_BODY = YES;
				CLANG_WARN_ENUM_CONVERSION = YES;
				CLANG_WARN_INFINITE_RECURSION = YES;
				CLANG_WARN_INT_CONVERSION = YES;
				CLANG_WARN_NON_LITERAL_NULL_CONVERSION = YES;
				CLANG_WARN_OBJC_IMPLICIT_RETAIN_SELF = YES;
				CLANG_WARN_OBJC_LITERAL_CONVERSION = YES;
				CLANG_WARN_OBJC_ROOT_CLASS = YES_ERROR;
				CLANG_WARN_QUOTED_INCLUDE_IN_FRAMEWORK_HEADER = YES;
				CLANG_WARN_RANGE_LOOP_ANALYSIS = YES;
				CLANG_WARN_STRICT_PROTOTYPES = YES;
				CLANG_WARN_SUSPICIOUS_MOVE = YES;
				CLANG_WARN_UNGUARDED_AVAILABILITY = YES_AGGRESSIVE;
				CLANG_WARN_UNREACHABLE_CODE = YES;
				CLANG_WARN__DUPLICATE_METHOD_MATCH = YES;
				COPY_PHASE_STRIP = NO;
				DEBUG_INFORMATION_FORMAT = "dwarf-with-dsym";
				ENABLE_NS_ASSERTIONS = NO;
				ENABLE_STRICT_OBJC_MSGSEND = YES;
				ENABLE_USER_SCRIPT_SANDBOXING = YES;
				GCC_C_LANGUAGE_STANDARD = gnu17;
				GCC_NO_COMMON_BLOCKS = YES;
				GCC_WARN_64_TO_32_BIT_CONVERSION = YES;
				GCC_WARN_ABOUT_RETURN_TYPE = YES_ERROR;
				GCC_WARN_UNDECLARED_SELECTOR = YES;
				GCC_WARN_UNINITIALIZED_AUTOS = YES_AGGRESSIVE;
				GCC_WARN_UNUSED_FUNCTION = YES;
				GCC_WARN_UNUSED_VARIABLE = YES;
				IPHONEOS_DEPLOYMENT_TARGET = 17.4;
				LOCALIZATION_PREFERS_STRING_CATALOGS = YES;
				MTL_ENABLE_DEBUG_INFO = NO;
				MTL_FAST_MATH = YES;
				SDKROOT = iphoneos;
				SWIFT_COMPILATION_MODE = wholemodule;
				VALIDATE_PRODUCT = YES;
			};
			name = Release;
		};
		ECF7FBD02BC2AC3000088311 /* Debug */ = {
			isa = XCBuildConfiguration;
			buildSettings = {
				ASSETCATALOG_COMPILER_APPICON_NAME = AppIcon;
				ASSETCATALOG_COMPILER_GLOBAL_ACCENT_COLOR_NAME = AccentColor;
				CODE_SIGN_STYLE = Automatic;
				CURRENT_PROJECT_VERSION = 1;
				DEVELOPMENT_TEAM = T92247RL82;
				GENERATE_INFOPLIST_FILE = YES;
				INFOPLIST_FILE = FunFactApp/Info.plist;
				INFOPLIST_KEY_UIApplicationSupportsIndirectInputEvents = YES;
				INFOPLIST_KEY_UILaunchStoryboardName = LaunchScreen;
				INFOPLIST_KEY_UIMainStoryboardFile = Main;
				INFOPLIST_KEY_UISupportedInterfaceOrientations_iPad = "UIInterfaceOrientationPortrait UIInterfaceOrientationPortraitUpsideDown UIInterfaceOrientationLandscapeLeft UIInterfaceOrientationLandscapeRight";
				INFOPLIST_KEY_UISupportedInterfaceOrientations_iPhone = "UIInterfaceOrientationPortrait UIInterfaceOrientationLandscapeLeft UIInterfaceOrientationLandscapeRight";
				LD_RUNPATH_SEARCH_PATHS = (
					"$(inherited)",
					"@executable_path/Frameworks",
				);
				MARKETING_VERSION = 1.0;
				PRODUCT_BUNDLE_IDENTIFIER = com.dorukhandemir.FunFactApp;
				PRODUCT_NAME = "$(TARGET_NAME)";
				SWIFT_EMIT_LOC_STRINGS = YES;
				SWIFT_VERSION = 5.0;
				TARGETED_DEVICE_FAMILY = "1,2";
			};
			name = Debug;
		};
		ECF7FBD12BC2AC3000088311 /* Release */ = {
			isa = XCBuildConfiguration;
			buildSettings = {
				ASSETCATALOG_COMPILER_APPICON_NAME = AppIcon;
				ASSETCATALOG_COMPILER_GLOBAL_ACCENT_COLOR_NAME = AccentColor;
				CODE_SIGN_STYLE = Automatic;
				CURRENT_PROJECT_VERSION = 1;
				DEVELOPMENT_TEAM = T92247RL82;
				GENERATE_INFOPLIST_FILE = YES;
				INFOPLIST_FILE = FunFactApp/Info.plist;
				INFOPLIST_KEY_UIApplicationSupportsIndirectInputEvents = YES;
				INFOPLIST_KEY_UILaunchStoryboardName = LaunchScreen;
				INFOPLIST_KEY_UIMainStoryboardFile = Main;
				INFOPLIST_KEY_UISupportedInterfaceOrientations_iPad = "UIInterfaceOrientationPortrait UIInterfaceOrientationPortraitUpsideDown UIInterfaceOrientationLandscapeLeft UIInterfaceOrientationLandscapeRight";
				INFOPLIST_KEY_UISupportedInterfaceOrientations_iPhone = "UIInterfaceOrientationPortrait UIInterfaceOrientationLandscapeLeft UIInterfaceOrientationLandscapeRight";
				LD_RUNPATH_SEARCH_PATHS = (
					"$(inherited)",
					"@executable_path/Frameworks",
				);
				MARKETING_VERSION = 1.0;
				PRODUCT_BUNDLE_IDENTIFIER = com.dorukhandemir.FunFactApp;
				PRODUCT_NAME = "$(TARGET_NAME)";
				SWIFT_EMIT_LOC_STRINGS = YES;
				SWIFT_VERSION = 5.0;
				TARGETED_DEVICE_FAMILY = "1,2";
			};
			name = Release;
		};
/* End XCBuildConfiguration section */

/* Begin XCConfigurationList section */
		ECF7FBB62BC2AC2E00088311 /* Build configuration list for PBXProject "FunFactApp" */ = {
			isa = XCConfigurationList;
			buildConfigurations = (
				ECF7FBCD2BC2AC3000088311 /* Debug */,
				ECF7FBCE2BC2AC3000088311 /* Release */,
			);
			defaultConfigurationIsVisible = 0;
			defaultConfigurationName = Release;
		};
		ECF7FBCF2BC2AC3000088311 /* Build configuration list for PBXNativeTarget "FunFactApp" */ = {
			isa = XCConfigurationList;
			buildConfigurations = (
				ECF7FBD02BC2AC3000088311 /* Debug */,
				ECF7FBD12BC2AC3000088311 /* Release */,
			);
			defaultConfigurationIsVisible = 0;
			defaultConfigurationName = Release;
		};
/* End XCConfigurationList section */
	};
	rootObject = ECF7FBB32BC2AC2E00088311 /* Project object */;
}
